
Microsoft Visual Studio Solution File, Format Version 12.00
# Visual Studio Version 16
VisualStudioVersion = 16.0.30503.244
MinimumVisualStudioVersion = 10.0.40219.1
Project("{FAE04EC0-301F-11D3-BF4B-00C04F79EFBC}") = "wpf1", "wpf1.csproj", "{736F9781-15D2-4D5E-B541-DFD580B238CE}"
EndProject
Project("{FAE04EC0-301F-11D3-BF4B-00C04F79EFBC}") = "lib1", "..\lib1\lib1.csproj", "{A191CD13-78B3-409F-90DA-40C862E3509E}"
EndProject
Global
	GlobalSection(SolutionConfigurationPlatforms) = preSolution
		Debug|Any CPU = Debug|Any CPU
		Release|Any CPU = Release|Any CPU
	EndGlobalSection
	GlobalSection(ProjectConfigurationPlatforms) = postSolution
		{736F9781-15D2-4D5E-B541-DFD580B238CE}.Debug|Any CPU.ActiveCfg = Debug|Any CPU
		{736F9781-15D2-4D5E-B541-DFD580B238CE}.Debug|Any CPU.Build.0 = Debug|Any CPU
		{736F9781-15D2-4D5E-B541-DFD580B238CE}.Release|Any CPU.ActiveCfg = Release|Any CPU
		{736F9781-15D2-4D5E-B541-DFD580B238CE}.Release|Any CPU.Build.0 = Release|Any CPU
		{A191CD13-78B3-409F-90DA-40C862E3509E}.Debug|Any CPU.ActiveCfg = Debug|Any CPU
		{A191CD13-78B3-409F-90DA-40C862E3509E}.Debug|Any CPU.Build.0 = Debug|Any CPU
		{A191CD13-78B3-409F-90DA-40C862E3509E}.Release|Any CPU.ActiveCfg = Release|Any CPU
		{A191CD13-78B3-409F-90DA-40C862E3509E}.Release|Any CPU.Build.0 = Release|Any CPU
	EndGlobalSection
	GlobalSection(SolutionProperties) = preSolution
		HideSolutionNode = FALSE
	EndGlobalSection
	GlobalSection(ExtensibilityGlobals) = postSolution
		SolutionGuid = {3DABEC34-A81A-4BBA-8BA4-F9C4E66FAAD6}
	EndGlobalSection
EndGlobal
